// !$*UTF8*$!
{
	archiveVersion = 1;
	classes = {
	};
	objectVersion = 77;
	objects = {

/* Begin PBXBuildFile section */
		070C3FF52F39F3BA00C57B71 /* Daily Affirmations/Resources/LaunchScreen.storyboard in Resources */ = {isa = PBXBuildFile; fileRef = 070C3FF42F39F3BA00C57B71 /* Daily Affirmations/Resources/LaunchScreen.storyboard */; };
		070C3FF62F39F3BA00C57B71 /* Daily Affirmations/Resources/LaunchScreen.storyboard in Resources */ = {isa = PBXBuildFile; fileRef = 070C3FF42F39F3BA00C57B71 /* Daily Affirmations/Resources/LaunchScreen.storyboard */; };
		07DC28CF2F348A3100BC48C6 /* WidgetKit.framework in Frameworks */ = {isa = PBXBuildFile; fileRef = 07DC28CE2F348A3100BC48C6 /* WidgetKit.framework */; };
		07DC28D12F348A3100BC48C6 /* SwiftUI.framework in Frameworks */ = {isa = PBXBuildFile; fileRef = 07DC28D02F348A3100BC48C6 /* SwiftUI.framework */; };
		07DC28E02F348A3200BC48C6 /* Daily Affirmations WidgetExtension.appex in Embed Foundation Extensions */ = {isa = PBXBuildFile; fileRef = 07DC28CC2F348A3100BC48C6 /* Daily Affirmations WidgetExtension.appex */; settings = {ATTRIBUTES = (RemoveHeadersOnCopy, ); }; };
		2CB8CC7484452BC55A75137F /* Pods_Daily_AffirmationsUITests.framework in Frameworks */ = {isa = PBXBuildFile; fileRef = A26664D2529F635EF10531D2 /* Pods_Daily_AffirmationsUITests.framework */; };
		53EB86811F44684B175921B7 /* Pods_Daily_AffirmationsTests.framework in Frameworks */ = {isa = PBXBuildFile; fileRef = 733A552524E92FA16E451EB2 /* Pods_Daily_AffirmationsTests.framework */; };
		BCAB228E03E327E32480FBC7 /* Pods_Daily_Affirmations.framework in Frameworks */ = {isa = PBXBuildFile; fileRef = ECB9C994057D6D683DD99D20 /* Pods_Daily_Affirmations.framework */; };
/* End PBXBuildFile section */

/* Begin PBXContainerItemProxy section */
		07DC28AC2F3488C300BC48C6 /* PBXContainerItemProxy */ = {
			isa = PBXContainerItemProxy;
			containerPortal = 07DC28962F3488C200BC48C6 /* Project object */;
			proxyType = 1;
			remoteGlobalIDString = 07DC289D2F3488C200BC48C6;
			remoteInfo = "Daily Affirmations";
		};
		07DC28B62F3488C300BC48C6 /* PBXContainerItemProxy */ = {
			isa = PBXContainerItemProxy;
			containerPortal = 07DC28962F3488C200BC48C6 /* Project object */;
			proxyType = 1;
			remoteGlobalIDString = 07DC289D2F3488C200BC48C6;
			remoteInfo = "Daily Affirmations";
		};
		07DC28DE2F348A3200BC48C6 /* PBXContainerItemProxy */ = {
			isa = PBXContainerItemProxy;
			containerPortal = 07DC28962F3488C200BC48C6 /* Project object */;
			proxyType = 1;
			remoteGlobalIDString = 07DC28CB2F348A3100BC48C6;
			remoteInfo = "Daily Affirmations WidgetExtension";
		};
/* End PBXContainerItemProxy section */

/* Begin PBXCopyFilesBuildPhase section */
		07DC28E52F348A3200BC48C6 /* Embed Foundation Extensions */ = {
			isa = PBXCopyFilesBuildPhase;
			buildActionMask = 2147483647;
			dstPath = "";
			dstSubfolderSpec = 13;
			files = (
				07DC28E02F348A3200BC48C6 /* Daily Affirmations WidgetExtension.appex in Embed Foundation Extensions */,
			);
			name = "Embed Foundation Extensions";
			runOnlyForDeploymentPostprocessing = 0;
		};
/* End PBXCopyFilesBuildPhase section */

/* Begin PBXFileReference section */
		070C3FF42F39F3BA00C57B71 /* Daily Affirmations/Resources/LaunchScreen.storyboard */ = {isa = PBXFileReference; lastKnownFileType = file.storyboard; path = "Daily Affirmations/Resources/LaunchScreen.storyboard"; sourceTree = "<group>"; };
		07DC289E2F3488C200BC48C6 /* Daily Affirmations.app */ = {isa = PBXFileReference; explicitFileType = wrapper.application; includeInIndex = 0; path = "Daily Affirmations.app"; sourceTree = BUILT_PRODUCTS_DIR; };
		07DC28AB2F3488C300BC48C6 /* Daily AffirmationsTests.xctest */ = {isa = PBXFileReference; explicitFileType = wrapper.cfbundle; includeInIndex = 0; path = "Daily AffirmationsTests.xctest"; sourceTree = BUILT_PRODUCTS_DIR; };
		07DC28B52F3488C300BC48C6 /* Daily AffirmationsUITests.xctest */ = {isa = PBXFileReference; explicitFileType = wrapper.cfbundle; includeInIndex = 0; path = "Daily AffirmationsUITests.xctest"; sourceTree = BUILT_PRODUCTS_DIR; };
		07DC28CC2F348A3100BC48C6 /* Daily Affirmations WidgetExtension.appex */ = {isa = PBXFileReference; explicitFileType = "wrapper.app-extension"; includeInIndex = 0; path = "Daily Affirmations WidgetExtension.appex"; sourceTree = BUILT_PRODUCTS_DIR; };
		07DC28CE2F348A3100BC48C6 /* WidgetKit.framework */ = {isa = PBXFileReference; lastKnownFileType = wrapper.framework; name = WidgetKit.framework; path = System/Library/Frameworks/WidgetKit.framework; sourceTree = SDKROOT; };
		07DC28D02F348A3100BC48C6 /* SwiftUI.framework */ = {isa = PBXFileReference; lastKnownFileType = wrapper.framework; name = SwiftUI.framework; path = System/Library/Frameworks/SwiftUI.framework; sourceTree = SDKROOT; };
		1BAA1CA92CDDBEB3FFE5D669 /* Pods-Daily AffirmationsUITests.release.xcconfig */ = {isa = PBXFileReference; includeInIndex = 1; lastKnownFileType = text.xcconfig; name = "Pods-Daily AffirmationsUITests.release.xcconfig"; path = "Target Support Files/Pods-Daily AffirmationsUITests/Pods-Daily AffirmationsUITests.release.xcconfig"; sourceTree = "<group>"; };
		733A552524E92FA16E451EB2 /* Pods_Daily_AffirmationsTests.framework */ = {isa = PBXFileReference; explicitFileType = wrapper.framework; includeInIndex = 0; path = Pods_Daily_AffirmationsTests.framework; sourceTree = BUILT_PRODUCTS_DIR; };
		7821D1D30ED8D6CCAFE08409 /* Pods-Daily AffirmationsUITests.debug.xcconfig */ = {isa = PBXFileReference; includeInIndex = 1; lastKnownFileType = text.xcconfig; name = "Pods-Daily AffirmationsUITests.debug.xcconfig"; path = "Target Support Files/Pods-Daily AffirmationsUITests/Pods-Daily AffirmationsUITests.debug.xcconfig"; sourceTree = "<group>"; };
		7E599E33FB607298CD7D57BD /* Pods-Daily AffirmationsTests.release.xcconfig */ = {isa = PBXFileReference; includeInIndex = 1; lastKnownFileType = text.xcconfig; name = "Pods-Daily AffirmationsTests.release.xcconfig"; path = "Target Support Files/Pods-Daily AffirmationsTests/Pods-Daily AffirmationsTests.release.xcconfig"; sourceTree = "<group>"; };
		8D6DE149220BEEFC2DE65334 /* Pods-Daily AffirmationsTests.debug.xcconfig */ = {isa = PBXFileReference; includeInIndex = 1; lastKnownFileType = text.xcconfig; name = "Pods-Daily AffirmationsTests.debug.xcconfig"; path = "Target Support Files/Pods-Daily AffirmationsTests/Pods-Daily AffirmationsTests.debug.xcconfig"; sourceTree = "<group>"; };
		A26664D2529F635EF10531D2 /* Pods_Daily_AffirmationsUITests.framework */ = {isa = PBXFileReference; explicitFileType = wrapper.framework; includeInIndex = 0; path = Pods_Daily_AffirmationsUITests.framework; sourceTree = BUILT_PRODUCTS_DIR; };
		AD6A70EC59E90E944BBC9E11 /* Pods-Daily Affirmations.release.xcconfig */ = {isa = PBXFileReference; includeInIndex = 1; lastKnownFileType = text.xcconfig; name = "Pods-Daily Affirmations.release.xcconfig"; path = "Target Support Files/Pods-Daily Affirmations/Pods-Daily Affirmations.release.xcconfig"; sourceTree = "<group>"; };
		CF65419BC79A9329E4F40D15 /* Pods-Daily Affirmations.debug.xcconfig */ = {isa = PBXFileReference; includeInIndex = 1; lastKnownFileType = text.xcconfig; name = "Pods-Daily Affirmations.debug.xcconfig"; path = "Target Support Files/Pods-Daily Affirmations/Pods-Daily Affirmations.debug.xcconfig"; sourceTree = "<group>"; };
		ECB9C994057D6D683DD99D20 /* Pods_Daily_Affirmations.framework */ = {isa = PBXFileReference; explicitFileType = wrapper.framework; includeInIndex = 0; path = Pods_Daily_Affirmations.framework; sourceTree = BUILT_PRODUCTS_DIR; };
/* End PBXFileReference section */

/* Begin PBXFileSystemSynchronizedBuildFileExceptionSet section */
		9A1C0F5E2F3A000000000001 /* Exceptions for "Daily Affirmations" folder in "Daily Affirmations" target */ = {
			isa = PBXFileSystemSynchronizedBuildFileExceptionSet;
			membershipExceptions = (
				App/Info.plist,
			);
			target = 07DC289D2F3488C200BC48C6 /* Daily Affirmations */;
		};
		9A1C0F5E2F3A000000000002 /* Exceptions for "Daily Affirmations Widget" folder in "Daily Affirmations WidgetExtension" target */ = {
			isa = PBXFileSystemSynchronizedBuildFileExceptionSet;
			membershipExceptions = (
				Resources/Info.plist,
			);
			target = 07DC28CB2F348A3100BC48C6 /* Daily Affirmations WidgetExtension */;
		};
/* End PBXFileSystemSynchronizedBuildFileExceptionSet section */

/* Begin PBXFileSystemSynchronizedRootGroup section */
		07DC28A02F3488C200BC48C6 /* Daily Affirmations */ = {
			isa = PBXFileSystemSynchronizedRootGroup;
			exceptions = (
				9A1C0F5E2F3A000000000001 /* Exceptions for "Daily Affirmations" folder in "Daily Affirmations" target */,
			);
			path = "Daily Affirmations";
			sourceTree = "<group>";
		};
		07DC28AE2F3488C300BC48C6 /* Daily AffirmationsTests */ = {
			isa = PBXFileSystemSynchronizedRootGroup;
			path = "Daily AffirmationsTests";
			sourceTree = "<group>";
		};
		07DC28B82F3488C300BC48C6 /* Daily AffirmationsUITests */ = {
			isa = PBXFileSystemSynchronizedRootGroup;
			path = "Daily AffirmationsUITests";
			sourceTree = "<group>";
		};
		07DC28D22F348A3100BC48C6 /* Daily Affirmations Widget */ = {
			isa = PBXFileSystemSynchronizedRootGroup;
			exceptions = (
				9A1C0F5E2F3A000000000002 /* Exceptions for "Daily Affirmations Widget" folder in "Daily Affirmations WidgetExtension" target */,
			);
			path = "Daily Affirmations Widget";
			sourceTree = "<group>";
		};
		D626ACF197B005ADCBEE4512 /* Shared */ = {
			isa = PBXFileSystemSynchronizedRootGroup;
			path = Shared;
			sourceTree = "<group>";
		};
/* End PBXFileSystemSynchronizedRootGroup section */

/* Begin PBXFrameworksBuildPhase section */
		07DC289B2F3488C200BC48C6 /* Frameworks */ = {
			isa = PBXFrameworksBuildPhase;
			buildActionMask = 2147483647;
			files = (
				BCAB228E03E327E32480FBC7 /* Pods_Daily_Affirmations.framework in Frameworks */,
			);
			runOnlyForDeploymentPostprocessing = 0;
		};
		07DC28A82F3488C300BC48C6 /* Frameworks */ = {
			isa = PBXFrameworksBuildPhase;
			buildActionMask = 2147483647;
			files = (
				53EB86811F44684B175921B7 /* Pods_Daily_AffirmationsTests.framework in Frameworks */,
			);
			runOnlyForDeploymentPostprocessing = 0;
		};
		07DC28B22F3488C300BC48C6 /* Frameworks */ = {
			isa = PBXFrameworksBuildPhase;
			buildActionMask = 2147483647;
			files = (
				2CB8CC7484452BC55A75137F /* Pods_Daily_AffirmationsUITests.framework in Frameworks */,
			);
			runOnlyForDeploymentPostprocessing = 0;
		};
		07DC28C92F348A3100BC48C6 /* Frameworks */ = {
			isa = PBXFrameworksBuildPhase;
			buildActionMask = 2147483647;
			files = (
				07DC28D12F348A3100BC48C6 /* SwiftUI.framework in Frameworks */,
				07DC28CF2F348A3100BC48C6 /* WidgetKit.framework in Frameworks */,
			);
			runOnlyForDeploymentPostprocessing = 0;
		};
/* End PBXFrameworksBuildPhase section */

/* Begin PBXGroup section */
		07DC28952F3488C200BC48C6 = {
			isa = PBXGroup;
			children = (
				070C3FF42F39F3BA00C57B71 /* Daily Affirmations/Resources/LaunchScreen.storyboard */,
				07DC28A02F3488C200BC48C6 /* Daily Affirmations */,
				D626ACF197B005ADCBEE4512 /* Shared */,
				07DC28AE2F3488C300BC48C6 /* Daily AffirmationsTests */,
				07DC28B82F3488C300BC48C6 /* Daily AffirmationsUITests */,
				07DC28D22F348A3100BC48C6 /* Daily Affirmations Widget */,
				07DC28CD2F348A3100BC48C6 /* Frameworks */,
				07DC289F2F3488C200BC48C6 /* Products */,
				292755068A74E53EDB616CD0 /* Pods */,
			);
			sourceTree = "<group>";
		};
		07DC289F2F3488C200BC48C6 /* Products */ = {
			isa = PBXGroup;
			children = (
				07DC289E2F3488C200BC48C6 /* Daily Affirmations.app */,
				07DC28AB2F3488C300BC48C6 /* Daily AffirmationsTests.xctest */,
				07DC28B52F3488C300BC48C6 /* Daily AffirmationsUITests.xctest */,
				07DC28CC2F348A3100BC48C6 /* Daily Affirmations WidgetExtension.appex */,
			);
			name = Products;
			sourceTree = "<group>";
		};
		07DC28CD2F348A3100BC48C6 /* Frameworks */ = {
			isa = PBXGroup;
			children = (
				07DC28CE2F348A3100BC48C6 /* WidgetKit.framework */,
				07DC28D02F348A3100BC48C6 /* SwiftUI.framework */,
				ECB9C994057D6D683DD99D20 /* Pods_Daily_Affirmations.framework */,
				733A552524E92FA16E451EB2 /* Pods_Daily_AffirmationsTests.framework */,
				A26664D2529F635EF10531D2 /* Pods_Daily_AffirmationsUITests.framework */,
			);
			name = Frameworks;
			sourceTree = "<group>";
		};
		292755068A74E53EDB616CD0 /* Pods */ = {
			isa = PBXGroup;
			children = (
				CF65419BC79A9329E4F40D15 /* Pods-Daily Affirmations.debug.xcconfig */,
				AD6A70EC59E90E944BBC9E11 /* Pods-Daily Affirmations.release.xcconfig */,
				8D6DE149220BEEFC2DE65334 /* Pods-Daily AffirmationsTests.debug.xcconfig */,
				7E599E33FB607298CD7D57BD /* Pods-Daily AffirmationsTests.release.xcconfig */,
				7821D1D30ED8D6CCAFE08409 /* Pods-Daily AffirmationsUITests.debug.xcconfig */,
				1BAA1CA92CDDBEB3FFE5D669 /* Pods-Daily AffirmationsUITests.release.xcconfig */,
			);
			path = Pods;
			sourceTree = "<group>";
		};
/* End PBXGroup section */

/* Begin PBXNativeTarget section */
		07DC289D2F3488C200BC48C6 /* Daily Affirmations */ = {
			isa = PBXNativeTarget;
			buildConfigurationList = 07DC28BF2F3488C300BC48C6 /* Build configuration list for PBXNativeTarget "Daily Affirmations" */;
			buildPhases = (
				BDEA950764A757231B99037A /* [CP] Check Pods Manifest.lock */,
				07DC289A2F3488C200BC48C6 /* Sources */,
				07DC289B2F3488C200BC48C6 /* Frameworks */,
				07DC289C2F3488C200BC48C6 /* Resources */,
				07DC28E52F348A3200BC48C6 /* Embed Foundation Extensions */,
				D1980E3C7F74EE8C62155140 /* [CP] Copy Pods Resources */,
			);
			buildRules = (
			);
			dependencies = (
				07DC28DF2F348A3200BC48C6 /* PBXTargetDependency */,
			);
			fileSystemSynchronizedGroups = (
				07DC28A02F3488C200BC48C6 /* Daily Affirmations */,
				D626ACF197B005ADCBEE4512 /* Shared */,
			);
			name = "Daily Affirmations";
			productName = "Daily Affirmations";
			productReference = 07DC289E2F3488C200BC48C6 /* Daily Affirmations.app */;
			productType = "com.apple.product-type.application";
		};
		07DC28AA2F3488C300BC48C6 /* Daily AffirmationsTests */ = {
			isa = PBXNativeTarget;
			buildConfigurationList = 07DC28C22F3488C300BC48C6 /* Build configuration list for PBXNativeTarget "Daily AffirmationsTests" */;
			buildPhases = (
				042358BE870AB5843D6720CC /* [CP] Check Pods Manifest.lock */,
				07DC28A72F3488C300BC48C6 /* Sources */,
				07DC28A82F3488C300BC48C6 /* Frameworks */,
				07DC28A92F3488C300BC48C6 /* Resources */,
			);
			buildRules = (
			);
			dependencies = (
				07DC28AD2F3488C300BC48C6 /* PBXTargetDependency */,
			);
			fileSystemSynchronizedGroups = (
				07DC28AE2F3488C300BC48C6 /* Daily AffirmationsTests */,
			);
			name = "Daily AffirmationsTests";
			productName = "Daily AffirmationsTests";
			productReference = 07DC28AB2F3488C300BC48C6 /* Daily AffirmationsTests.xctest */;
			productType = "com.apple.product-type.bundle.unit-test";
		};
		07DC28B42F3488C300BC48C6 /* Daily AffirmationsUITests */ = {
			isa = PBXNativeTarget;
			buildConfigurationList = 07DC28C52F3488C300BC48C6 /* Build configuration list for PBXNativeTarget "Daily AffirmationsUITests" */;
			buildPhases = (
				4839B357E3D56020D86B5016 /* [CP] Check Pods Manifest.lock */,
				07DC28B12F3488C300BC48C6 /* Sources */,
				07DC28B22F3488C300BC48C6 /* Frameworks */,
				07DC28B32F3488C300BC48C6 /* Resources */,
			);
			buildRules = (
			);
			dependencies = (
				07DC28B72F3488C300BC48C6 /* PBXTargetDependency */,
			);
			fileSystemSynchronizedGroups = (
				07DC28B82F3488C300BC48C6 /* Daily AffirmationsUITests */,
			);
			name = "Daily AffirmationsUITests";
			productName = "Daily AffirmationsUITests";
			productReference = 07DC28B52F3488C300BC48C6 /* Daily AffirmationsUITests.xctest */;
			productType = "com.apple.product-type.bundle.ui-testing";
		};
		07DC28CB2F348A3100BC48C6 /* Daily Affirmations WidgetExtension */ = {
			isa = PBXNativeTarget;
			buildConfigurationList = 07DC28E22F348A3200BC48C6 /* Build configuration list for PBXNativeTarget "Daily Affirmations WidgetExtension" */;
			buildPhases = (
				07DC28C82F348A3100BC48C6 /* Sources */,
				07DC28C92F348A3100BC48C6 /* Frameworks */,
				07DC28CA2F348A3100BC48C6 /* Resources */,
			);
			buildRules = (
			);
			dependencies = (
			);
			fileSystemSynchronizedGroups = (
				07DC28D22F348A3100BC48C6 /* Daily Affirmations Widget */,
				D626ACF197B005ADCBEE4512 /* Shared */,
			);
			name = "Daily Affirmations WidgetExtension";
			productName = "Daily Affirmations WidgetExtension";
			productReference = 07DC28CC2F348A3100BC48C6 /* Daily Affirmations WidgetExtension.appex */;
			productType = "com.apple.product-type.app-extension";
		};
/* End PBXNativeTarget section */

/* Begin PBXProject section */
		07DC28962F3488C200BC48C6 /* Project object */ = {
			isa = PBXProject;
			attributes = {
				BuildIndependentTargetsInParallel = 1;
				LastSwiftUpdateCheck = 2620;
				LastUpgradeCheck = 2620;
				TargetAttributes = {
					07DC289D2F3488C200BC48C6 = {
						CreatedOnToolsVersion = 26.2;
					};
					07DC28AA2F3488C300BC48C6 = {
						CreatedOnToolsVersion = 26.2;
						TestTargetID = 07DC289D2F3488C200BC48C6;
					};
					07DC28B42F3488C300BC48C6 = {
						CreatedOnToolsVersion = 26.2;
						TestTargetID = 07DC289D2F3488C200BC48C6;
					};
					07DC28CB2F348A3100BC48C6 = {
						CreatedOnToolsVersion = 26.2;
					};
				};
			};
			buildConfigurationList = 07DC28992F3488C200BC48C6 /* Build configuration list for PBXProject "Daily Affirmations" */;
			developmentRegion = en;
			hasScannedForEncodings = 0;
			knownRegions = (
				en,
				Base,
				"es-ES",
			);
			mainGroup = 07DC28952F3488C200BC48C6;
			minimizedProjectReferenceProxies = 1;
			preferredProjectObjectVersion = 77;
			productRefGroup = 07DC289F2F3488C200BC48C6 /* Products */;
			projectDirPath = "";
			projectRoot = "";
			targets = (
				07DC289D2F3488C200BC48C6 /* Daily Affirmations */,
				07DC28AA2F3488C300BC48C6 /* Daily AffirmationsTests */,
				07DC28B42F3488C300BC48C6 /* Daily AffirmationsUITests */,
				07DC28CB2F348A3100BC48C6 /* Daily Affirmations WidgetExtension */,
			);
		};
/* End PBXProject section */

/* Begin PBXResourcesBuildPhase section */
		07DC289C2F3488C200BC48C6 /* Resources */ = {
			isa = PBXResourcesBuildPhase;
			buildActionMask = 2147483647;
			files = (
				070C3FF52F39F3BA00C57B71 /* Daily Affirmations/Resources/LaunchScreen.storyboard in Resources */,
			);
			runOnlyForDeploymentPostprocessing = 0;
		};
		07DC28A92F3488C300BC48C6 /* Resources */ = {
			isa = PBXResourcesBuildPhase;
			buildActionMask = 2147483647;
			files = (
			);
			runOnlyForDeploymentPostprocessing = 0;
		};
		07DC28B32F3488C300BC48C6 /* Resources */ = {
			isa = PBXResourcesBuildPhase;
			buildActionMask = 2147483647;
			files = (
			);
			runOnlyForDeploymentPostprocessing = 0;
		};
		07DC28CA2F348A3100BC48C6 /* Resources */ = {
			isa = PBXResourcesBuildPhase;
			buildActionMask = 2147483647;
			files = (
				070C3FF62F39F3BA00C57B71 /* Daily Affirmations/Resources/LaunchScreen.storyboard in Resources */,
			);
			runOnlyForDeploymentPostprocessing = 0;
		};
/* End PBXResourcesBuildPhase section */

/* Begin PBXShellScriptBuildPhase section */
		042358BE870AB5843D6720CC /* [CP] Check Pods Manifest.lock */ = {
			isa = PBXShellScriptBuildPhase;
			buildActionMask = 2147483647;
			files = (
			);
			inputFileListPaths = (
			);
			inputPaths = (
				"${PODS_PODFILE_DIR_PATH}/Podfile.lock",
				"${PODS_ROOT}/Manifest.lock",
			);
			name = "[CP] Check Pods Manifest.lock";
			outputFileListPaths = (
			);
			outputPaths = (
				"$(DERIVED_FILE_DIR)/Pods-Daily AffirmationsTests-checkManifestLockResult.txt",
			);
			runOnlyForDeploymentPostprocessing = 0;
			shellPath = /bin/sh;
			shellScript = "diff \"${PODS_PODFILE_DIR_PATH}/Podfile.lock\" \"${PODS_ROOT}/Manifest.lock\" > /dev/null\nif [ $? != 0 ] ; then\n    # print error to STDERR\n    echo \"error: The sandbox is not in sync with the Podfile.lock. Run 'pod install' or update your CocoaPods installation.\" >&2\n    exit 1\nfi\n# This output is used by Xcode 'outputs' to avoid re-running this script phase.\necho \"SUCCESS\" > \"${SCRIPT_OUTPUT_FILE_0}\"\n";
			showEnvVarsInLog = 0;
		};
		4839B357E3D56020D86B5016 /* [CP] Check Pods Manifest.lock */ = {
			isa = PBXShellScriptBuildPhase;
			buildActionMask = 2147483647;
			files = (
			);
			inputFileListPaths = (
			);
			inputPaths = (
				"${PODS_PODFILE_DIR_PATH}/Podfile.lock",
				"${PODS_ROOT}/Manifest.lock",
			);
			name = "[CP] Check Pods Manifest.lock";
			outputFileListPaths = (
			);
			outputPaths = (
				"$(DERIVED_FILE_DIR)/Pods-Daily AffirmationsUITests-checkManifestLockResult.txt",
			);
			runOnlyForDeploymentPostprocessing = 0;
			shellPath = /bin/sh;
			shellScript = "diff \"${PODS_PODFILE_DIR_PATH}/Podfile.lock\" \"${PODS_ROOT}/Manifest.lock\" > /dev/null\nif [ $? != 0 ] ; then\n    # print error to STDERR\n    echo \"error: The sandbox is not in sync with the Podfile.lock. Run 'pod install' or update your CocoaPods installation.\" >&2\n    exit 1\nfi\n# This output is used by Xcode 'outputs' to avoid re-running this script phase.\necho \"SUCCESS\" > \"${SCRIPT_OUTPUT_FILE_0}\"\n";
			showEnvVarsInLog = 0;
		};
		BDEA950764A757231B99037A /* [CP] Check Pods Manifest.lock */ = {
			isa = PBXShellScriptBuildPhase;
			buildActionMask = 2147483647;
			files = (
			);
			inputFileListPaths = (
			);
			inputPaths = (
				"${PODS_PODFILE_DIR_PATH}/Podfile.lock",
				"${PODS_ROOT}/Manifest.lock",
			);
			name = "[CP] Check Pods Manifest.lock";
			outputFileListPaths = (
			);
			outputPaths = (
				"$(DERIVED_FILE_DIR)/Pods-Daily Affirmations-checkManifestLockResult.txt",
			);
			runOnlyForDeploymentPostprocessing = 0;
			shellPath = /bin/sh;
			shellScript = "diff \"${PODS_PODFILE_DIR_PATH}/Podfile.lock\" \"${PODS_ROOT}/Manifest.lock\" > /dev/null\nif [ $? != 0 ] ; then\n    # print error to STDERR\n    echo \"error: The sandbox is not in sync with the Podfile.lock. Run 'pod install' or update your CocoaPods installation.\" >&2\n    exit 1\nfi\n# This output is used by Xcode 'outputs' to avoid re-running this script phase.\necho \"SUCCESS\" > \"${SCRIPT_OUTPUT_FILE_0}\"\n";
			showEnvVarsInLog = 0;
		};
		D1980E3C7F74EE8C62155140 /* [CP] Copy Pods Resources */ = {
			isa = PBXShellScriptBuildPhase;
			buildActionMask = 2147483647;
			files = (
			);
			inputFileListPaths = (
				"${PODS_ROOT}/Target Support Files/Pods-Daily Affirmations/Pods-Daily Affirmations-resources-${CONFIGURATION}-input-files.xcfilelist",
			);
			inputPaths = (
			);
			name = "[CP] Copy Pods Resources";
			outputFileListPaths = (
				"${PODS_ROOT}/Target Support Files/Pods-Daily Affirmations/Pods-Daily Affirmations-resources-${CONFIGURATION}-output-files.xcfilelist",
			);
			outputPaths = (
			);
			runOnlyForDeploymentPostprocessing = 0;
			shellPath = /bin/sh;
			shellScript = "\"${PODS_ROOT}/Target Support Files/Pods-Daily Affirmations/Pods-Daily Affirmations-resources.sh\"\n";
			showEnvVarsInLog = 0;
		};
/* End PBXShellScriptBuildPhase section */

/* Begin PBXSourcesBuildPhase section */
		07DC289A2F3488C200BC48C6 /* Sources */ = {
			isa = PBXSourcesBuildPhase;
			buildActionMask = 2147483647;
			files = (
			);
			runOnlyForDeploymentPostprocessing = 0;
		};
		07DC28A72F3488C300BC48C6 /* Sources */ = {
			isa = PBXSourcesBuildPhase;
			buildActionMask = 2147483647;
			files = (
			);
			runOnlyForDeploymentPostprocessing = 0;
		};
		07DC28B12F3488C300BC48C6 /* Sources */ = {
			isa = PBXSourcesBuildPhase;
			buildActionMask = 2147483647;
			files = (
			);
			runOnlyForDeploymentPostprocessing = 0;
		};
		07DC28C82F348A3100BC48C6 /* Sources */ = {
			isa = PBXSourcesBuildPhase;
			buildActionMask = 2147483647;
			files = (
			);
			runOnlyForDeploymentPostprocessing = 0;
		};
/* End PBXSourcesBuildPhase section */

/* Begin PBXTargetDependency section */
		07DC28AD2F3488C300BC48C6 /* PBXTargetDependency */ = {
			isa = PBXTargetDependency;
			target = 07DC289D2F3488C200BC48C6 /* Daily Affirmations */;
			targetProxy = 07DC28AC2F3488C300BC48C6 /* PBXContainerItemProxy */;
		};
		07DC28B72F3488C300BC48C6 /* PBXTargetDependency */ = {
			isa = PBXTargetDependency;
			target = 07DC289D2F3488C200BC48C6 /* Daily Affirmations */;
			targetProxy = 07DC28B62F3488C300BC48C6 /* PBXContainerItemProxy */;
		};
		07DC28DF2F348A3200BC48C6 /* PBXTargetDependency */ = {
			isa = PBXTargetDependency;
			target = 07DC28CB2F348A3100BC48C6 /* Daily Affirmations WidgetExtension */;
			targetProxy = 07DC28DE2F348A3200BC48C6 /* PBXContainerItemProxy */;
		};
/* End PBXTargetDependency section */

/* Begin XCBuildConfiguration section */
		07DC28BD2F3488C300BC48C6 /* Debug */ = {
			isa = XCBuildConfiguration;
			buildSettings = {
				ALWAYS_SEARCH_USER_PATHS = NO;
				ASSETCATALOG_COMPILER_GENERATE_SWIFT_ASSET_SYMBOL_EXTENSIONS = YES;
				CLANG_ANALYZER_NONNULL = YES;
				CLANG_ANALYZER_NUMBER_OBJECT_CONVERSION = YES_AGGRESSIVE;
				CLANG_CXX_LANGUAGE_STANDARD = "gnu++20";
				CLANG_ENABLE_MODULES = YES;
				CLANG_ENABLE_OBJC_ARC = YES;
				CLANG_ENABLE_OBJC_WEAK = YES;
				CLANG_WARN_BLOCK_CAPTURE_AUTORELEASING = YES;
				CLANG_WARN_BOOL_CONVERSION = YES;
				CLANG_WARN_COMMA = YES;
				CLANG_WARN_CONSTANT_CONVERSION = YES;
				CLANG_WARN_DEPRECATED_OBJC_IMPLEMENTATIONS = YES;
				CLANG_WARN_DIRECT_OBJC_ISA_USAGE = YES_ERROR;
				CLANG_WARN_DOCUMENTATION_COMMENTS = YES;
				CLANG_WARN_EMPTY_BODY = YES;
				CLANG_WARN_ENUM_CONVERSION = YES;
				CLANG_WARN_INFINITE_RECURSION = YES;
				CLANG_WARN_INT_CONVERSION = YES;
				CLANG_WARN_NON_LITERAL_NULL_CONVERSION = YES;
				CLANG_WARN_OBJC_IMPLICIT_RETAIN_SELF = YES;
				CLANG_WARN_OBJC_LITERAL_CONVERSION = YES;
				CLANG_WARN_OBJC_ROOT_CLASS = YES_ERROR;
				CLANG_WARN_QUOTED_INCLUDE_IN_FRAMEWORK_HEADER = YES;
				CLANG_WARN_RANGE_LOOP_ANALYSIS = YES;
				CLANG_WARN_STRICT_PROTOTYPES = YES;
				CLANG_WARN_SUSPICIOUS_MOVE = YES;
				CLANG_WARN_UNGUARDED_AVAILABILITY = YES_AGGRESSIVE;
				CLANG_WARN_UNREACHABLE_CODE = YES;
				CLANG_WARN__DUPLICATE_METHOD_MATCH = YES;
				COPY_PHASE_STRIP = NO;
				DEBUG_INFORMATION_FORMAT = dwarf;
				DEVELOPMENT_TEAM = 4JALZNH8YW;
				ENABLE_STRICT_OBJC_MSGSEND = YES;
				ENABLE_TESTABILITY = YES;
				ENABLE_USER_SCRIPT_SANDBOXING = NO;
				GCC_C_LANGUAGE_STANDARD = gnu17;
				GCC_DYNAMIC_NO_PIC = NO;
				GCC_NO_COMMON_BLOCKS = YES;
				GCC_OPTIMIZATION_LEVEL = 0;
				GCC_PREPROCESSOR_DEFINITIONS = (
					"DEBUG=1",
					"$(inherited)",
				);
				GCC_WARN_64_TO_32_BIT_CONVERSION = YES;
				GCC_WARN_ABOUT_RETURN_TYPE = YES_ERROR;
				GCC_WARN_UNDECLARED_SELECTOR = YES;
				GCC_WARN_UNINITIALIZED_AUTOS = YES_AGGRESSIVE;
				GCC_WARN_UNUSED_FUNCTION = YES;
				GCC_WARN_UNUSED_VARIABLE = YES;
				IPHONEOS_DEPLOYMENT_TARGET = 26.2;
				LOCALIZATION_PREFERS_STRING_CATALOGS = YES;
				MTL_ENABLE_DEBUG_INFO = INCLUDE_SOURCE;
				MTL_FAST_MATH = YES;
				ONLY_ACTIVE_ARCH = YES;
				SDKROOT = iphoneos;
				SWIFT_ACTIVE_COMPILATION_CONDITIONS = "DEBUG $(inherited)";
				SWIFT_OPTIMIZATION_LEVEL = "-Onone";
			};
			name = Debug;
		};
		07DC28BE2F3488C300BC48C6 /* Release */ = {
			isa = XCBuildConfiguration;
			buildSettings = {
				ALWAYS_SEARCH_USER_PATHS = NO;
				ASSETCATALOG_COMPILER_GENERATE_SWIFT_ASSET_SYMBOL_EXTENSIONS = YES;
				CLANG_ANALYZER_NONNULL = YES;
				CLANG_ANALYZER_NUMBER_OBJECT_CONVERSION = YES_AGGRESSIVE;
				CLANG_CXX_LANGUAGE_STANDARD = "gnu++20";
				CLANG_ENABLE_MODULES = YES;
				CLANG_ENABLE_OBJC_ARC = YES;
				CLANG_ENABLE_OBJC_WEAK = YES;
				CLANG_WARN_BLOCK_CAPTURE_AUTORELEASING = YES;
				CLANG_WARN_BOOL_CONVERSION = YES;
				CLANG_WARN_COMMA = YES;
				CLANG_WARN_CONSTANT_CONVERSION = YES;
				CLANG_WARN_DEPRECATED_OBJC_IMPLEMENTATIONS = YES;
				CLANG_WARN_DIRECT_OBJC_ISA_USAGE = YES_ERROR;
				CLANG_WARN_DOCUMENTATION_COMMENTS = YES;
				CLANG_WARN_EMPTY_BODY = YES;
				CLANG_WARN_ENUM_CONVERSION = YES;
				CLANG_WARN_INFINITE_RECURSION = YES;
				CLANG_WARN_INT_CONVERSION = YES;
				CLANG_WARN_NON_LITERAL_NULL_CONVERSION = YES;
				CLANG_WARN_OBJC_IMPLICIT_RETAIN_SELF = YES;
				CLANG_WARN_OBJC_LITERAL_CONVERSION = YES;
				CLANG_WARN_OBJC_ROOT_CLASS = YES_ERROR;
				CLANG_WARN_QUOTED_INCLUDE_IN_FRAMEWORK_HEADER = YES;
				CLANG_WARN_RANGE_LOOP_ANALYSIS = YES;
				CLANG_WARN_STRICT_PROTOTYPES = YES;
				CLANG_WARN_SUSPICIOUS_MOVE = YES;
				CLANG_WARN_UNGUARDED_AVAILABILITY = YES_AGGRESSIVE;
				CLANG_WARN_UNREACHABLE_CODE = YES;
				CLANG_WARN__DUPLICATE_METHOD_MATCH = YES;
				COPY_PHASE_STRIP = NO;
				DEBUG_INFORMATION_FORMAT = "dwarf-with-dsym";
				DEVELOPMENT_TEAM = 4JALZNH8YW;
				ENABLE_NS_ASSERTIONS = NO;
				ENABLE_STRICT_OBJC_MSGSEND = YES;
				ENABLE_USER_SCRIPT_SANDBOXING = NO;
				GCC_C_LANGUAGE_STANDARD = gnu17;
				GCC_NO_COMMON_BLOCKS = YES;
				GCC_WARN_64_TO_32_BIT_CONVERSION = YES;
				GCC_WARN_ABOUT_RETURN_TYPE = YES_ERROR;
				GCC_WARN_UNDECLARED_SELECTOR = YES;
				GCC_WARN_UNINITIALIZED_AUTOS = YES_AGGRESSIVE;
				GCC_WARN_UNUSED_FUNCTION = YES;
				GCC_WARN_UNUSED_VARIABLE = YES;
				IPHONEOS_DEPLOYMENT_TARGET = 26.2;
				LOCALIZATION_PREFERS_STRING_CATALOGS = YES;
				MTL_ENABLE_DEBUG_INFO = NO;
				MTL_FAST_MATH = YES;
				SDKROOT = iphoneos;
				SWIFT_COMPILATION_MODE = wholemodule;
				VALIDATE_PRODUCT = YES;
			};
			name = Release;
		};
		07DC28C02F3488C300BC48C6 /* Debug */ = {
			isa = XCBuildConfiguration;
			baseConfigurationReference = CF65419BC79A9329E4F40D15 /* Pods-Daily Affirmations.debug.xcconfig */;
			buildSettings = {
				ASSETCATALOG_COMPILER_APPICON_NAME = AppIcon;
				CODE_SIGN_ENTITLEMENTS = "Daily Affirmations/App/Daily Affirmations.entitlements";
				CODE_SIGN_STYLE = Automatic;
				CURRENT_PROJECT_VERSION = 1;
				DEVELOPMENT_TEAM = 4JALZNH8YW;
				ENABLE_PREVIEWS = YES;
				ENABLE_USER_SCRIPT_SANDBOXING = NO;
				GENERATE_INFOPLIST_FILE = NO;
				INFOPLIST_FILE = "Daily Affirmations/App/Info.plist";
				INFOPLIST_KEY_GADApplicationIdentifier = "ca-app-pub-9657159516824286~2788707912";
				INFOPLIST_KEY_UIApplicationSceneManifest_Generation = YES;
				INFOPLIST_KEY_UIApplicationSupportsIndirectInputEvents = YES;
				INFOPLIST_KEY_UILaunchScreen_Generation = NO;
				INFOPLIST_KEY_UILaunchStoryboardName = LaunchScreen;
				INFOPLIST_KEY_UISupportedInterfaceOrientations_iPad = "UIInterfaceOrientationPortrait UIInterfaceOrientationPortraitUpsideDown UIInterfaceOrientationLandscapeLeft UIInterfaceOrientationLandscapeRight";
				INFOPLIST_KEY_UISupportedInterfaceOrientations_iPhone = "UIInterfaceOrientationPortrait UIInterfaceOrientationLandscapeLeft UIInterfaceOrientationLandscapeRight";
				LD_RUNPATH_SEARCH_PATHS = (
					"$(inherited)",
					"@executable_path/Frameworks",
				);
				MARKETING_VERSION = 1.0.1;
				PRODUCT_BUNDLE_IDENTIFIER = com.idreamstudios.dailyaffirmations;
				PRODUCT_NAME = "$(TARGET_NAME)";
				STRING_CATALOG_GENERATE_SYMBOLS = YES;
				SWIFT_APPROACHABLE_CONCURRENCY = YES;
				SWIFT_DEFAULT_ACTOR_ISOLATION = MainActor;
				SWIFT_EMIT_LOC_STRINGS = YES;
				SWIFT_UPCOMING_FEATURE_MEMBER_IMPORT_VISIBILITY = YES;
				SWIFT_VERSION = 5.0;
				TARGETED_DEVICE_FAMILY = "1,2";
			};
			name = Debug;
		};
		07DC28C12F3488C300BC48C6 /* Release */ = {
			isa = XCBuildConfiguration;
			baseConfigurationReference = AD6A70EC59E90E944BBC9E11 /* Pods-Daily Affirmations.release.xcconfig */;
			buildSettings = {
				ASSETCATALOG_COMPILER_APPICON_NAME = AppIcon;
				CODE_SIGN_ENTITLEMENTS = "Daily Affirmations/App/Daily Affirmations.entitlements";
				CODE_SIGN_STYLE = Automatic;
				CURRENT_PROJECT_VERSION = 1;
				DEVELOPMENT_TEAM = 4JALZNH8YW;
				ENABLE_PREVIEWS = YES;
				ENABLE_USER_SCRIPT_SANDBOXING = NO;
				GENERATE_INFOPLIST_FILE = NO;
				INFOPLIST_FILE = "Daily Affirmations/App/Info.plist";
				INFOPLIST_KEY_GADApplicationIdentifier = "ca-app-pub-9657159516824286~2788707912";
				INFOPLIST_KEY_UIApplicationSceneManifest_Generation = YES;
				INFOPLIST_KEY_UIApplicationSupportsIndirectInputEvents = YES;
				INFOPLIST_KEY_UILaunchScreen_Generation = NO;
				INFOPLIST_KEY_UILaunchStoryboardName = LaunchScreen;
				INFOPLIST_KEY_UISupportedInterfaceOrientations_iPad = "UIInterfaceOrientationPortrait UIInterfaceOrientationPortraitUpsideDown UIInterfaceOrientationLandscapeLeft UIInterfaceOrientationLandscapeRight";
				INFOPLIST_KEY_UISupportedInterfaceOrientations_iPhone = "UIInterfaceOrientationPortrait UIInterfaceOrientationLandscapeLeft UIInterfaceOrientationLandscapeRight";
				LD_RUNPATH_SEARCH_PATHS = (
					"$(inherited)",
					"@executable_path/Frameworks",
				);
				MARKETING_VERSION = 1.0.1;
				PRODUCT_BUNDLE_IDENTIFIER = com.idreamstudios.dailyaffirmations;
				PRODUCT_NAME = "$(TARGET_NAME)";
				STRING_CATALOG_GENERATE_SYMBOLS = YES;
				SWIFT_APPROACHABLE_CONCURRENCY = YES;
				SWIFT_DEFAULT_ACTOR_ISOLATION = MainActor;
				SWIFT_EMIT_LOC_STRINGS = YES;
				SWIFT_UPCOMING_FEATURE_MEMBER_IMPORT_VISIBILITY = YES;
				SWIFT_VERSION = 5.0;
				TARGETED_DEVICE_FAMILY = "1,2";
			};
			name = Release;
		};
		07DC28C32F3488C300BC48C6 /* Debug */ = {
			isa = XCBuildConfiguration;
			baseConfigurationReference = 8D6DE149220BEEFC2DE65334 /* Pods-Daily AffirmationsTests.debug.xcconfig */;
			buildSettings = {
				BUNDLE_LOADER = "$(TEST_HOST)";
				CODE_SIGN_STYLE = Automatic;
				CURRENT_PROJECT_VERSION = 1;
				DEVELOPMENT_TEAM = 4JALZNH8YW;
				ENABLE_USER_SCRIPT_SANDBOXING = NO;
				GENERATE_INFOPLIST_FILE = YES;
				IPHONEOS_DEPLOYMENT_TARGET = 26.2;
				MARKETING_VERSION = 1.0.1;
				PRODUCT_BUNDLE_IDENTIFIER = com.idreamstudios.dailyaffirmationsTests;
				PRODUCT_NAME = "$(TARGET_NAME)";
				STRING_CATALOG_GENERATE_SYMBOLS = NO;
				SWIFT_APPROACHABLE_CONCURRENCY = YES;
				SWIFT_EMIT_LOC_STRINGS = NO;
				SWIFT_UPCOMING_FEATURE_MEMBER_IMPORT_VISIBILITY = YES;
				SWIFT_VERSION = 5.0;
				TARGETED_DEVICE_FAMILY = "1,2";
				TEST_HOST = "$(BUILT_PRODUCTS_DIR)/Daily Affirmations.app/$(BUNDLE_EXECUTABLE_FOLDER_PATH)/Daily Affirmations";
			};
			name = Debug;
		};
		07DC28C42F3488C300BC48C6 /* Release */ = {
			isa = XCBuildConfiguration;
			baseConfigurationReference = 7E599E33FB607298CD7D57BD /* Pods-Daily AffirmationsTests.release.xcconfig */;
			buildSettings = {
				BUNDLE_LOADER = "$(TEST_HOST)";
				CODE_SIGN_STYLE = Automatic;
				CURRENT_PROJECT_VERSION = 1;
				DEVELOPMENT_TEAM = 4JALZNH8YW;
				ENABLE_USER_SCRIPT_SANDBOXING = NO;
				GENERATE_INFOPLIST_FILE = YES;
				IPHONEOS_DEPLOYMENT_TARGET = 26.2;
				MARKETING_VERSION = 1.0.1;
				PRODUCT_BUNDLE_IDENTIFIER = com.idreamstudios.dailyaffirmationsTests;
				PRODUCT_NAME = "$(TARGET_NAME)";
				STRING_CATALOG_GENERATE_SYMBOLS = NO;
				SWIFT_APPROACHABLE_CONCURRENCY = YES;
				SWIFT_EMIT_LOC_STRINGS = NO;
				SWIFT_UPCOMING_FEATURE_MEMBER_IMPORT_VISIBILITY = YES;
				SWIFT_VERSION = 5.0;
				TARGETED_DEVICE_FAMILY = "1,2";
				TEST_HOST = "$(BUILT_PRODUCTS_DIR)/Daily Affirmations.app/$(BUNDLE_EXECUTABLE_FOLDER_PATH)/Daily Affirmations";
			};
			name = Release;
		};
		07DC28C62F3488C300BC48C6 /* Debug */ = {
			isa = XCBuildConfiguration;
			baseConfigurationReference = 7821D1D30ED8D6CCAFE08409 /* Pods-Daily AffirmationsUITests.debug.xcconfig */;
			buildSettings = {
				CODE_SIGN_STYLE = Automatic;
				CURRENT_PROJECT_VERSION = 1;
				DEVELOPMENT_TEAM = 4JALZNH8YW;
				ENABLE_USER_SCRIPT_SANDBOXING = NO;
				GENERATE_INFOPLIST_FILE = YES;
				MARKETING_VERSION = 1.0.1;
				PRODUCT_BUNDLE_IDENTIFIER = com.idreamstudios.dailyaffirmationsUITests;
				PRODUCT_NAME = "$(TARGET_NAME)";
				STRING_CATALOG_GENERATE_SYMBOLS = NO;
				SWIFT_APPROACHABLE_CONCURRENCY = YES;
				SWIFT_EMIT_LOC_STRINGS = NO;
				SWIFT_UPCOMING_FEATURE_MEMBER_IMPORT_VISIBILITY = YES;
				SWIFT_VERSION = 5.0;
				TARGETED_DEVICE_FAMILY = "1,2";
				TEST_TARGET_NAME = "Daily Affirmations";
			};
			name = Debug;
		};
		07DC28C72F3488C300BC48C6 /* Release */ = {
			isa = XCBuildConfiguration;
			baseConfigurationReference = 1BAA1CA92CDDBEB3FFE5D669 /* Pods-Daily AffirmationsUITests.release.xcconfig */;
			buildSettings = {
				CODE_SIGN_STYLE = Automatic;
				CURRENT_PROJECT_VERSION = 1;
				DEVELOPMENT_TEAM = 4JALZNH8YW;
				ENABLE_USER_SCRIPT_SANDBOXING = NO;
				GENERATE_INFOPLIST_FILE = YES;
				MARKETING_VERSION = 1.0.1;
				PRODUCT_BUNDLE_IDENTIFIER = com.idreamstudios.dailyaffirmationsUITests;
				PRODUCT_NAME = "$(TARGET_NAME)";
				STRING_CATALOG_GENERATE_SYMBOLS = NO;
				SWIFT_APPROACHABLE_CONCURRENCY = YES;
				SWIFT_EMIT_LOC_STRINGS = NO;
				SWIFT_UPCOMING_FEATURE_MEMBER_IMPORT_VISIBILITY = YES;
				SWIFT_VERSION = 5.0;
				TARGETED_DEVICE_FAMILY = "1,2";
				TEST_TARGET_NAME = "Daily Affirmations";
			};
			name = Release;
		};
		07DC28E32F348A3200BC48C6 /* Debug */ = {
			isa = XCBuildConfiguration;
			buildSettings = {
				ASSETCATALOG_COMPILER_WIDGET_BACKGROUND_COLOR_NAME = WidgetBackground;
				CODE_SIGN_ENTITLEMENTS = "Daily Affirmations Widget/Resources/Daily Affirmations Widget.entitlements";
				CODE_SIGN_STYLE = Automatic;
				CURRENT_PROJECT_VERSION = 1;
				DEVELOPMENT_TEAM = 4JALZNH8YW;
				ENABLE_USER_SCRIPT_SANDBOXING = NO;
				GENERATE_INFOPLIST_FILE = YES;
				INFOPLIST_FILE = "Daily Affirmations Widget/Resources/Info.plist";
				INFOPLIST_KEY_CFBundleDisplayName = "Daily Affirmations Widget";
				INFOPLIST_KEY_NSHumanReadableCopyright = "";
				LD_RUNPATH_SEARCH_PATHS = (
					"$(inherited)",
					"@executable_path/Frameworks",
					"@executable_path/../../Frameworks",
				);
				MARKETING_VERSION = 1.0.1;
				PRODUCT_BUNDLE_IDENTIFIER = com.idreamstudios.dailyaffirmations.Widget;
				PRODUCT_NAME = "$(TARGET_NAME)";
				SKIP_INSTALL = YES;
				STRING_CATALOG_GENERATE_SYMBOLS = YES;
				SWIFT_APPROACHABLE_CONCURRENCY = YES;
				SWIFT_EMIT_LOC_STRINGS = YES;
				SWIFT_UPCOMING_FEATURE_MEMBER_IMPORT_VISIBILITY = YES;
				SWIFT_VERSION = 5.0;
				TARGETED_DEVICE_FAMILY = "1,2";
			};
			name = Debug;
		};
		07DC28E42F348A3200BC48C6 /* Release */ = {
			isa = XCBuildConfiguration;
			buildSettings = {
				ASSETCATALOG_COMPILER_WIDGET_BACKGROUND_COLOR_NAME = WidgetBackground;
				CODE_SIGN_ENTITLEMENTS = "Daily Affirmations Widget/Resources/Daily Affirmations Widget.entitlements";
				CODE_SIGN_STYLE = Automatic;
				CURRENT_PROJECT_VERSION = 1;
				DEVELOPMENT_TEAM = 4JALZNH8YW;
				ENABLE_USER_SCRIPT_SANDBOXING = NO;
				GENERATE_INFOPLIST_FILE = YES;
				INFOPLIST_FILE = "Daily Affirmations Widget/Resources/Info.plist";
				INFOPLIST_KEY_CFBundleDisplayName = "Daily Affirmations Widget";
				INFOPLIST_KEY_NSHumanReadableCopyright = "";
				LD_RUNPATH_SEARCH_PATHS = (
					"$(inherited)",
					"@executable_path/Frameworks",
					"@executable_path/../../Frameworks",
				);
				MARKETING_VERSION = 1.0.1;
				PRODUCT_BUNDLE_IDENTIFIER = com.idreamstudios.dailyaffirmations.Widget;
				PRODUCT_NAME = "$(TARGET_NAME)";
				SKIP_INSTALL = YES;
				STRING_CATALOG_GENERATE_SYMBOLS = YES;
				SWIFT_APPROACHABLE_CONCURRENCY = YES;
				SWIFT_EMIT_LOC_STRINGS = YES;
				SWIFT_UPCOMING_FEATURE_MEMBER_IMPORT_VISIBILITY = YES;
				SWIFT_VERSION = 5.0;
				TARGETED_DEVICE_FAMILY = "1,2";
			};
			name = Release;
		};
/* End XCBuildConfiguration section */

/* Begin XCConfigurationList section */
		07DC28992F3488C200BC48C6 /* Build configuration list for PBXProject "Daily Affirmations" */ = {
			isa = XCConfigurationList;
			buildConfigurations = (
				07DC28BD2F3488C300BC48C6 /* Debug */,
				07DC28BE2F3488C300BC48C6 /* Release */,
			);
			defaultConfigurationIsVisible = 0;
			defaultConfigurationName = Release;
		};
		07DC28BF2F3488C300BC48C6 /* Build configuration list for PBXNativeTarget "Daily Affirmations" */ = {
			isa = XCConfigurationList;
			buildConfigurations = (
				07DC28C02F3488C300BC48C6 /* Debug */,
				07DC28C12F3488C300BC48C6 /* Release */,
			);
			defaultConfigurationIsVisible = 0;
			defaultConfigurationName = Release;
		};
		07DC28C22F3488C300BC48C6 /* Build configuration list for PBXNativeTarget "Daily AffirmationsTests" */ = {
			isa = XCConfigurationList;
			buildConfigurations = (
				07DC28C32F3488C300BC48C6 /* Debug */,
				07DC28C42F3488C300BC48C6 /* Release */,
			);
			defaultConfigurationIsVisible = 0;
			defaultConfigurationName = Release;
		};
		07DC28C52F3488C300BC48C6 /* Build configuration list for PBXNativeTarget "Daily AffirmationsUITests" */ = {
			isa = XCConfigurationList;
			buildConfigurations = (
				07DC28C62F3488C300BC48C6 /* Debug */,
				07DC28C72F3488C300BC48C6 /* Release */,
			);
			defaultConfigurationIsVisible = 0;
			defaultConfigurationName = Release;
		};
		07DC28E22F348A3200BC48C6 /* Build configuration list for PBXNativeTarget "Daily Affirmations WidgetExtension" */ = {
			isa = XCConfigurationList;
			buildConfigurations = (
				07DC28E32F348A3200BC48C6 /* Debug */,
				07DC28E42F348A3200BC48C6 /* Release */,
			);
			defaultConfigurationIsVisible = 0;
			defaultConfigurationName = Release;
		};
/* End XCConfigurationList section */
	};
	rootObject = 07DC28962F3488C200BC48C6 /* Project object */;
}
